
Microsoft Visual Studio Solution File, Format Version 12.00
# Visual Studio 14
VisualStudioVersion = 14.0.23107.0
MinimumVisualStudioVersion = 10.0.40219.1
Project("{FAE04EC0-301F-11D3-BF4B-00C04F79EFBC}") = "GameProject - Form", "GameProject - Form\GameProject - Form.csproj", "{8F763256-6E36-471D-B51F-B677B01F786C}"
EndProject
Project("{FAE04EC0-301F-11D3-BF4B-00C04F79EFBC}") = "Engine", "Engine\Engine.csproj", "{704681FF-603A-4197-A25D-AAAEB131C0CD}"
EndProject
Global
	GlobalSection(SolutionConfigurationPlatforms) = preSolution
		Debug|Any CPU = Debug|Any CPU
		Release|Any CPU = Release|Any CPU
	EndGlobalSection
	GlobalSection(ProjectConfigurationPlatforms) = postSolution
		{8F763256-6E36-471D-B51F-B677B01F786C}.Debug|Any CPU.ActiveCfg = Debug|Any CPU
		{8F763256-6E36-471D-B51F-B677B01F786C}.Debug|Any CPU.Build.0 = Debug|Any CPU
		{8F763256-6E36-471D-B51F-B677B01F786C}.Release|Any CPU.ActiveCfg = Release|Any CPU
		{8F763256-6E36-471D-B51F-B677B01F786C}.Release|Any CPU.Build.0 = Release|Any CPU
		{704681FF-603A-4197-A25D-AAAEB131C0CD}.Debug|Any CPU.ActiveCfg = Debug|Any CPU
		{704681FF-603A-4197-A25D-AAAEB131C0CD}.Debug|Any CPU.Build.0 = Debug|Any CPU
		{704681FF-603A-4197-A25D-AAAEB131C0CD}.Release|Any CPU.ActiveCfg = Release|Any CPU
		{704681FF-603A-4197-A25D-AAAEB131C0CD}.Release|Any CPU.Build.0 = Release|Any CPU
	EndGlobalSection
	GlobalSection(SolutionProperties) = preSolution
		HideSolutionNode = FALSE
	EndGlobalSection
EndGlobal
